// !$*UTF8*$!
{
	archiveVersion = 1;
	classes = {
	};
	objectVersion = 77;
	objects = {

/* Begin PBXBuildFile section */
		799A5D892EF074E9007BC21D /* Assets.xcassets in Resources */ = {isa = PBXBuildFile; fileRef = 799A5D822EF074E9007BC21D /* Assets.xcassets */; };
		799A5D8B2EF074E9007BC21D /* AlarmLiveActivity.swift in Sources */ = {isa = PBXBuildFile; fileRef = 799A5D802EF074E9007BC21D /* AlarmLiveActivity.swift */; };
		799A5D8C2EF074E9007BC21D /* AppIntent.swift in Sources */ = {isa = PBXBuildFile; fileRef = 799A5D812EF074E9007BC21D /* AppIntent.swift */; };
		799A5D8D2EF074E9007BC21D /* ImportantTask.swift in Sources */ = {isa = PBXBuildFile; fileRef = 799A5D832EF074E9007BC21D /* ImportantTask.swift */; };
		799A5D8E2EF074E9007BC21D /* PriorityTask.swift in Sources */ = {isa = PBXBuildFile; fileRef = 799A5D852EF074E9007BC21D /* PriorityTask.swift */; };
		799A5D8F2EF074E9007BC21D /* PriorityTaskBundle.swift in Sources */ = {isa = PBXBuildFile; fileRef = 799A5D862EF074E9007BC21D /* PriorityTaskBundle.swift */; };
		799A5D902EF074E9007BC21D /* PriorityTaskLiveActivity.swift in Sources */ = {isa = PBXBuildFile; fileRef = 799A5D872EF074E9007BC21D /* PriorityTaskLiveActivity.swift */; };
		799A5DB02EF074FB007BC21D /* Assets.xcassets in Resources */ = {isa = PBXBuildFile; fileRef = 799A5DA92EF074FB007BC21D /* Assets.xcassets */; };
		799A5DB22EF074FB007BC21D /* LockIn.icon in Resources */ = {isa = PBXBuildFile; fileRef = 799A5DAE2EF074FB007BC21D /* LockIn.icon */; };
		799A5DB32EF074FB007BC21D /* DailySuggestion.swift in Sources */ = {isa = PBXBuildFile; fileRef = 799A5D922EF074FB007BC21D /* DailySuggestion.swift */; };
		799A5DB42EF074FB007BC21D /* Mood.swift in Sources */ = {isa = PBXBuildFile; fileRef = 799A5D932EF074FB007BC21D /* Mood.swift */; };
		799A5DB52EF074FB007BC21D /* Suggestion.swift in Sources */ = {isa = PBXBuildFile; fileRef = 799A5D942EF074FB007BC21D /* Suggestion.swift */; };
		799A5DB62EF074FB007BC21D /* SuggestionGenerator.swift in Sources */ = {isa = PBXBuildFile; fileRef = 799A5D952EF074FB007BC21D /* SuggestionGenerator.swift */; };
		799A5DB72EF074FB007BC21D /* TaskMetadata.swift in Sources */ = {isa = PBXBuildFile; fileRef = 799A5D962EF074FB007BC21D /* TaskMetadata.swift */; };
		799A5DB82EF074FB007BC21D /* ToDoTask.swift in Sources */ = {isa = PBXBuildFile; fileRef = 799A5D972EF074FB007BC21D /* ToDoTask.swift */; };
		799A5DB92EF074FB007BC21D /* Colors.swift in Sources */ = {isa = PBXBuildFile; fileRef = 799A5D992EF074FB007BC21D /* Colors.swift */; };
		799A5DBA2EF074FB007BC21D /* Extensions.swift in Sources */ = {isa = PBXBuildFile; fileRef = 799A5D9A2EF074FB007BC21D /* Extensions.swift */; };
		799A5DBB2EF074FB007BC21D /* AlarmView.swift in Sources */ = {isa = PBXBuildFile; fileRef = 799A5D9C2EF074FB007BC21D /* AlarmView.swift */; };
		799A5DBC2EF074FB007BC21D /* AlarmViewModel.swift in Sources */ = {isa = PBXBuildFile; fileRef = 799A5D9D2EF074FB007BC21D /* AlarmViewModel.swift */; };
		799A5DBD2EF074FB007BC21D /* AppIntents.swift in Sources */ = {isa = PBXBuildFile; fileRef = 799A5D9E2EF074FB007BC21D /* AppIntents.swift */; };
		799A5DBE2EF074FB007BC21D /* MoodView.swift in Sources */ = {isa = PBXBuildFile; fileRef = 799A5DA02EF074FB007BC21D /* MoodView.swift */; };
		799A5DBF2EF074FB007BC21D /* RegisterMoodView.swift in Sources */ = {isa = PBXBuildFile; fileRef = 799A5DA12EF074FB007BC21D /* RegisterMoodView.swift */; };
		799A5DC02EF074FB007BC21D /* AddToDoTaskView.swift in Sources */ = {isa = PBXBuildFile; fileRef = 799A5DA32EF074FB007BC21D /* AddToDoTaskView.swift */; };
		799A5DC12EF074FB007BC21D /* EditToDoTask.swift in Sources */ = {isa = PBXBuildFile; fileRef = 799A5DA42EF074FB007BC21D /* EditToDoTask.swift */; };
		799A5DC22EF074FB007BC21D /* ToDoTaksView.swift in Sources */ = {isa = PBXBuildFile; fileRef = 799A5DA52EF074FB007BC21D /* ToDoTaksView.swift */; };
		799A5DC32EF074FB007BC21D /* BalanceTabView.swift in Sources */ = {isa = PBXBuildFile; fileRef = 799A5DA72EF074FB007BC21D /* BalanceTabView.swift */; };
		799A5DC42EF074FB007BC21D /* BalanceAppApp.swift in Sources */ = {isa = PBXBuildFile; fileRef = 799A5DAA2EF074FB007BC21D /* BalanceAppApp.swift */; };
		799A5DC52EF074FB007BC21D /* ContentView.swift in Sources */ = {isa = PBXBuildFile; fileRef = 799A5DAB2EF074FB007BC21D /* ContentView.swift */; };
		799A5DC62EF074FB007BC21D /* Item.swift in Sources */ = {isa = PBXBuildFile; fileRef = 799A5DAD2EF074FB007BC21D /* Item.swift */; };
		799A5DC72EF078B9007BC21D /* TaskMetadata.swift in Sources */ = {isa = PBXBuildFile; fileRef = 799A5D962EF074FB007BC21D /* TaskMetadata.swift */; };
		799A5DC82EF078D3007BC21D /* ToDoTask.swift in Sources */ = {isa = PBXBuildFile; fileRef = 799A5D972EF074FB007BC21D /* ToDoTask.swift */; };
		799A5DC92EF0790D007BC21D /* Extensions.swift in Sources */ = {isa = PBXBuildFile; fileRef = 799A5D9A2EF074FB007BC21D /* Extensions.swift */; };
		799A5DCA2EF07913007BC21D /* AppIntents.swift in Sources */ = {isa = PBXBuildFile; fileRef = 799A5D9E2EF074FB007BC21D /* AppIntents.swift */; };
		799A5DCB2EF0791B007BC21D /* AlarmViewModel.swift in Sources */ = {isa = PBXBuildFile; fileRef = 799A5D9D2EF074FB007BC21D /* AlarmViewModel.swift */; };
		799A5DCC2EF0791F007BC21D /* AlarmView.swift in Sources */ = {isa = PBXBuildFile; fileRef = 799A5D9C2EF074FB007BC21D /* AlarmView.swift */; };
		79B1F6E92EE0424D0073C3C1 /* WidgetKit.framework in Frameworks */ = {isa = PBXBuildFile; fileRef = 79B1F6E82EE0424D0073C3C1 /* WidgetKit.framework */; };
		79B1F6EB2EE0424D0073C3C1 /* SwiftUI.framework in Frameworks */ = {isa = PBXBuildFile; fileRef = 79B1F6EA2EE0424D0073C3C1 /* SwiftUI.framework */; };
		79B1F6FA2EE0424E0073C3C1 /* PriorityTaskExtension.appex in Embed Foundation Extensions */ = {isa = PBXBuildFile; fileRef = 79B1F6E62EE0424D0073C3C1 /* PriorityTaskExtension.appex */; settings = {ATTRIBUTES = (RemoveHeadersOnCopy, ); }; };
/* End PBXBuildFile section */

/* Begin PBXContainerItemProxy section */
		79B1F6F82EE0424E0073C3C1 /* PBXContainerItemProxy */ = {
			isa = PBXContainerItemProxy;
			containerPortal = 79B1F6C82EE03FC10073C3C1 /* Project object */;
			proxyType = 1;
			remoteGlobalIDString = 79B1F6E52EE0424D0073C3C1;
			remoteInfo = PriorityTaskExtension;
		};
/* End PBXContainerItemProxy section */

/* Begin PBXCopyFilesBuildPhase section */
		79B1F6FF2EE0424E0073C3C1 /* Embed Foundation Extensions */ = {
			isa = PBXCopyFilesBuildPhase;
			buildActionMask = 2147483647;
			dstPath = "";
			dstSubfolderSpec = 13;
			files = (
				79B1F6FA2EE0424E0073C3C1 /* PriorityTaskExtension.appex in Embed Foundation Extensions */,
			);
			name = "Embed Foundation Extensions";
			runOnlyForDeploymentPostprocessing = 0;
		};
/* End PBXCopyFilesBuildPhase section */

/* Begin PBXFileReference section */
		799A5D802EF074E9007BC21D /* AlarmLiveActivity.swift */ = {isa = PBXFileReference; lastKnownFileType = sourcecode.swift; path = AlarmLiveActivity.swift; sourceTree = "<group>"; };
		799A5D812EF074E9007BC21D /* AppIntent.swift */ = {isa = PBXFileReference; lastKnownFileType = sourcecode.swift; path = AppIntent.swift; sourceTree = "<group>"; };
		799A5D822EF074E9007BC21D /* Assets.xcassets */ = {isa = PBXFileReference; lastKnownFileType = folder.assetcatalog; path = Assets.xcassets; sourceTree = "<group>"; };
		799A5D832EF074E9007BC21D /* ImportantTask.swift */ = {isa = PBXFileReference; lastKnownFileType = sourcecode.swift; path = ImportantTask.swift; sourceTree = "<group>"; };
		799A5D842EF074E9007BC21D /* Info.plist */ = {isa = PBXFileReference; lastKnownFileType = text.plist.xml; path = Info.plist; sourceTree = "<group>"; };
		799A5D852EF074E9007BC21D /* PriorityTask.swift */ = {isa = PBXFileReference; lastKnownFileType = sourcecode.swift; path = PriorityTask.swift; sourceTree = "<group>"; };
		799A5D862EF074E9007BC21D /* PriorityTaskBundle.swift */ = {isa = PBXFileReference; lastKnownFileType = sourcecode.swift; path = PriorityTaskBundle.swift; sourceTree = "<group>"; };
		799A5D872EF074E9007BC21D /* PriorityTaskLiveActivity.swift */ = {isa = PBXFileReference; lastKnownFileType = sourcecode.swift; path = PriorityTaskLiveActivity.swift; sourceTree = "<group>"; };
		799A5D922EF074FB007BC21D /* DailySuggestion.swift */ = {isa = PBXFileReference; lastKnownFileType = sourcecode.swift; path = DailySuggestion.swift; sourceTree = "<group>"; };
		799A5D932EF074FB007BC21D /* Mood.swift */ = {isa = PBXFileReference; lastKnownFileType = sourcecode.swift; path = Mood.swift; sourceTree = "<group>"; };
		799A5D942EF074FB007BC21D /* Suggestion.swift */ = {isa = PBXFileReference; lastKnownFileType = sourcecode.swift; path = Suggestion.swift; sourceTree = "<group>"; };
		799A5D952EF074FB007BC21D /* SuggestionGenerator.swift */ = {isa = PBXFileReference; lastKnownFileType = sourcecode.swift; path = SuggestionGenerator.swift; sourceTree = "<group>"; };
		799A5D962EF074FB007BC21D /* TaskMetadata.swift */ = {isa = PBXFileReference; lastKnownFileType = sourcecode.swift; path = TaskMetadata.swift; sourceTree = "<group>"; };
		799A5D972EF074FB007BC21D /* ToDoTask.swift */ = {isa = PBXFileReference; lastKnownFileType = sourcecode.swift; path = ToDoTask.swift; sourceTree = "<group>"; };
		799A5D992EF074FB007BC21D /* Colors.swift */ = {isa = PBXFileReference; lastKnownFileType = sourcecode.swift; path = Colors.swift; sourceTree = "<group>"; };
		799A5D9A2EF074FB007BC21D /* Extensions.swift */ = {isa = PBXFileReference; lastKnownFileType = sourcecode.swift; path = Extensions.swift; sourceTree = "<group>"; };
		799A5D9C2EF074FB007BC21D /* AlarmView.swift */ = {isa = PBXFileReference; lastKnownFileType = sourcecode.swift; path = AlarmView.swift; sourceTree = "<group>"; };
		799A5D9D2EF074FB007BC21D /* AlarmViewModel.swift */ = {isa = PBXFileReference; lastKnownFileType = sourcecode.swift; path = AlarmViewModel.swift; sourceTree = "<group>"; };
		799A5D9E2EF074FB007BC21D /* AppIntents.swift */ = {isa = PBXFileReference; lastKnownFileType = sourcecode.swift; path = AppIntents.swift; sourceTree = "<group>"; };
		799A5DA02EF074FB007BC21D /* MoodView.swift */ = {isa = PBXFileReference; lastKnownFileType = sourcecode.swift; path = MoodView.swift; sourceTree = "<group>"; };
		799A5DA12EF074FB007BC21D /* RegisterMoodView.swift */ = {isa = PBXFileReference; lastKnownFileType = sourcecode.swift; path = RegisterMoodView.swift; sourceTree = "<group>"; };
		799A5DA32EF074FB007BC21D /* AddToDoTaskView.swift */ = {isa = PBXFileReference; lastKnownFileType = sourcecode.swift; path = AddToDoTaskView.swift; sourceTree = "<group>"; };
		799A5DA42EF074FB007BC21D /* EditToDoTask.swift */ = {isa = PBXFileReference; lastKnownFileType = sourcecode.swift; path = EditToDoTask.swift; sourceTree = "<group>"; };
		799A5DA52EF074FB007BC21D /* ToDoTaksView.swift */ = {isa = PBXFileReference; lastKnownFileType = sourcecode.swift; path = ToDoTaksView.swift; sourceTree = "<group>"; };
		799A5DA72EF074FB007BC21D /* BalanceTabView.swift */ = {isa = PBXFileReference; lastKnownFileType = sourcecode.swift; path = BalanceTabView.swift; sourceTree = "<group>"; };
		799A5DA92EF074FB007BC21D /* Assets.xcassets */ = {isa = PBXFileReference; lastKnownFileType = folder.assetcatalog; path = Assets.xcassets; sourceTree = "<group>"; };
		799A5DAA2EF074FB007BC21D /* BalanceAppApp.swift */ = {isa = PBXFileReference; lastKnownFileType = sourcecode.swift; path = BalanceAppApp.swift; sourceTree = "<group>"; };
		799A5DAB2EF074FB007BC21D /* ContentView.swift */ = {isa = PBXFileReference; lastKnownFileType = sourcecode.swift; path = ContentView.swift; sourceTree = "<group>"; };
		799A5DAC2EF074FB007BC21D /* Info.plist */ = {isa = PBXFileReference; lastKnownFileType = text.plist.xml; path = Info.plist; sourceTree = "<group>"; };
		799A5DAD2EF074FB007BC21D /* Item.swift */ = {isa = PBXFileReference; lastKnownFileType = sourcecode.swift; path = Item.swift; sourceTree = "<group>"; };
		799A5DAE2EF074FB007BC21D /* LockIn.icon */ = {isa = PBXFileReference; lastKnownFileType = folder.iconcomposer.icon; path = LockIn.icon; sourceTree = "<group>"; };
		79B1F6D02EE03FC10073C3C1 /* BalanceApp.app */ = {isa = PBXFileReference; explicitFileType = wrapper.application; includeInIndex = 0; path = BalanceApp.app; sourceTree = BUILT_PRODUCTS_DIR; };
		79B1F6E62EE0424D0073C3C1 /* PriorityTaskExtension.appex */ = {isa = PBXFileReference; explicitFileType = "wrapper.app-extension"; includeInIndex = 0; path = PriorityTaskExtension.appex; sourceTree = BUILT_PRODUCTS_DIR; };
		79B1F6E82EE0424D0073C3C1 /* WidgetKit.framework */ = {isa = PBXFileReference; lastKnownFileType = wrapper.framework; name = WidgetKit.framework; path = System/Library/Frameworks/WidgetKit.framework; sourceTree = SDKROOT; };
		79B1F6EA2EE0424D0073C3C1 /* SwiftUI.framework */ = {isa = PBXFileReference; lastKnownFileType = wrapper.framework; name = SwiftUI.framework; path = System/Library/Frameworks/SwiftUI.framework; sourceTree = SDKROOT; };
/* End PBXFileReference section */

/* Begin PBXFrameworksBuildPhase section */
		79B1F6CD2EE03FC10073C3C1 /* Frameworks */ = {
			isa = PBXFrameworksBuildPhase;
			buildActionMask = 2147483647;
			files = (
			);
			runOnlyForDeploymentPostprocessing = 0;
		};
		79B1F6E32EE0424D0073C3C1 /* Frameworks */ = {
			isa = PBXFrameworksBuildPhase;
			buildActionMask = 2147483647;
			files = (
				79B1F6EB2EE0424D0073C3C1 /* SwiftUI.framework in Frameworks */,
				79B1F6E92EE0424D0073C3C1 /* WidgetKit.framework in Frameworks */,
			);
			runOnlyForDeploymentPostprocessing = 0;
		};
/* End PBXFrameworksBuildPhase section */

/* Begin PBXGroup section */
		799A5D882EF074E9007BC21D /* PriorityTask */ = {
			isa = PBXGroup;
			children = (
				799A5D802EF074E9007BC21D /* AlarmLiveActivity.swift */,
				799A5D812EF074E9007BC21D /* AppIntent.swift */,
				799A5D822EF074E9007BC21D /* Assets.xcassets */,
				799A5D832EF074E9007BC21D /* ImportantTask.swift */,
				799A5D842EF074E9007BC21D /* Info.plist */,
				799A5D852EF074E9007BC21D /* PriorityTask.swift */,
				799A5D862EF074E9007BC21D /* PriorityTaskBundle.swift */,
				799A5D872EF074E9007BC21D /* PriorityTaskLiveActivity.swift */,
			);
			path = PriorityTask;
			sourceTree = "<group>";
		};
		799A5D912EF074FB007BC21D /* Helper */ = {
			isa = PBXGroup;
			children = (
			);
			path = Helper;
			sourceTree = "<group>";
		};
		799A5D982EF074FB007BC21D /* Models */ = {
			isa = PBXGroup;
			children = (
				799A5D922EF074FB007BC21D /* DailySuggestion.swift */,
				799A5D932EF074FB007BC21D /* Mood.swift */,
				799A5D942EF074FB007BC21D /* Suggestion.swift */,
				799A5D952EF074FB007BC21D /* SuggestionGenerator.swift */,
				799A5D962EF074FB007BC21D /* TaskMetadata.swift */,
				799A5D972EF074FB007BC21D /* ToDoTask.swift */,
			);
			path = Models;
			sourceTree = "<group>";
		};
		799A5D9B2EF074FB007BC21D /* Utilities */ = {
			isa = PBXGroup;
			children = (
				799A5D992EF074FB007BC21D /* Colors.swift */,
				799A5D9A2EF074FB007BC21D /* Extensions.swift */,
			);
			path = Utilities;
			sourceTree = "<group>";
		};
		799A5D9F2EF074FB007BC21D /* AlarmView */ = {
			isa = PBXGroup;
			children = (
				799A5D9C2EF074FB007BC21D /* AlarmView.swift */,
				799A5D9D2EF074FB007BC21D /* AlarmViewModel.swift */,
				799A5D9E2EF074FB007BC21D /* AppIntents.swift */,
			);
			path = AlarmView;
			sourceTree = "<group>";
		};
		799A5DA22EF074FB007BC21D /* MoodView */ = {
			isa = PBXGroup;
			children = (
				799A5DA02EF074FB007BC21D /* MoodView.swift */,
				799A5DA12EF074FB007BC21D /* RegisterMoodView.swift */,
			);
			path = MoodView;
			sourceTree = "<group>";
		};
		799A5DA62EF074FB007BC21D /* ToDoTaskView */ = {
			isa = PBXGroup;
			children = (
				799A5DA32EF074FB007BC21D /* AddToDoTaskView.swift */,
				799A5DA42EF074FB007BC21D /* EditToDoTask.swift */,
				799A5DA52EF074FB007BC21D /* ToDoTaksView.swift */,
			);
			path = ToDoTaskView;
			sourceTree = "<group>";
		};
		799A5DA82EF074FB007BC21D /* Views */ = {
			isa = PBXGroup;
			children = (
				799A5D9F2EF074FB007BC21D /* AlarmView */,
				799A5DA22EF074FB007BC21D /* MoodView */,
				799A5DA62EF074FB007BC21D /* ToDoTaskView */,
				799A5DA72EF074FB007BC21D /* BalanceTabView.swift */,
			);
			path = Views;
			sourceTree = "<group>";
		};
		799A5DAF2EF074FB007BC21D /* BalanceApp */ = {
			isa = PBXGroup;
			children = (
				799A5D912EF074FB007BC21D /* Helper */,
				799A5D982EF074FB007BC21D /* Models */,
				799A5D9B2EF074FB007BC21D /* Utilities */,
				799A5DA82EF074FB007BC21D /* Views */,
				799A5DA92EF074FB007BC21D /* Assets.xcassets */,
				799A5DAA2EF074FB007BC21D /* BalanceAppApp.swift */,
				799A5DAB2EF074FB007BC21D /* ContentView.swift */,
				799A5DAC2EF074FB007BC21D /* Info.plist */,
				799A5DAD2EF074FB007BC21D /* Item.swift */,
				799A5DAE2EF074FB007BC21D /* LockIn.icon */,
			);
			path = BalanceApp;
			sourceTree = "<group>";
		};
		79B1F6C72EE03FC10073C3C1 = {
			isa = PBXGroup;
			children = (
				799A5DAF2EF074FB007BC21D /* BalanceApp */,
				799A5D882EF074E9007BC21D /* PriorityTask */,
				79B1F6E72EE0424D0073C3C1 /* Frameworks */,
				79B1F6D12EE03FC10073C3C1 /* Products */,
			);
			sourceTree = "<group>";
		};
		79B1F6D12EE03FC10073C3C1 /* Products */ = {
			isa = PBXGroup;
			children = (
				79B1F6D02EE03FC10073C3C1 /* BalanceApp.app */,
				79B1F6E62EE0424D0073C3C1 /* PriorityTaskExtension.appex */,
			);
			name = Products;
			sourceTree = "<group>";
		};
		79B1F6E72EE0424D0073C3C1 /* Frameworks */ = {
			isa = PBXGroup;
			children = (
				79B1F6E82EE0424D0073C3C1 /* WidgetKit.framework */,
				79B1F6EA2EE0424D0073C3C1 /* SwiftUI.framework */,
			);
			name = Frameworks;
			sourceTree = "<group>";
		};
/* End PBXGroup section */

/* Begin PBXNativeTarget section */
		79B1F6CF2EE03FC10073C3C1 /* BalanceApp */ = {
			isa = PBXNativeTarget;
			buildConfigurationList = 79B1F6DD2EE03FC30073C3C1 /* Build configuration list for PBXNativeTarget "BalanceApp" */;
			buildPhases = (
				79B1F6CC2EE03FC10073C3C1 /* Sources */,
				79B1F6CD2EE03FC10073C3C1 /* Frameworks */,
				79B1F6CE2EE03FC10073C3C1 /* Resources */,
				79B1F6FF2EE0424E0073C3C1 /* Embed Foundation Extensions */,
			);
			buildRules = (
			);
			dependencies = (
				79B1F6F92EE0424E0073C3C1 /* PBXTargetDependency */,
			);
			name = BalanceApp;
			packageProductDependencies = (
			);
			productName = BalanceApp;
			productReference = 79B1F6D02EE03FC10073C3C1 /* BalanceApp.app */;
			productType = "com.apple.product-type.application";
		};
		79B1F6E52EE0424D0073C3C1 /* PriorityTaskExtension */ = {
			isa = PBXNativeTarget;
			buildConfigurationList = 79B1F6FC2EE0424E0073C3C1 /* Build configuration list for PBXNativeTarget "PriorityTaskExtension" */;
			buildPhases = (
				79B1F6E22EE0424D0073C3C1 /* Sources */,
				79B1F6E32EE0424D0073C3C1 /* Frameworks */,
				79B1F6E42EE0424D0073C3C1 /* Resources */,
			);
			buildRules = (
			);
			dependencies = (
			);
			name = PriorityTaskExtension;
			packageProductDependencies = (
			);
			productName = PriorityTaskExtension;
			productReference = 79B1F6E62EE0424D0073C3C1 /* PriorityTaskExtension.appex */;
			productType = "com.apple.product-type.app-extension";
		};
/* End PBXNativeTarget section */

/* Begin PBXProject section */
		79B1F6C82EE03FC10073C3C1 /* Project object */ = {
			isa = PBXProject;
			attributes = {
				BuildIndependentTargetsInParallel = 1;
				LastSwiftUpdateCheck = 2610;
				LastUpgradeCheck = 2620;
				TargetAttributes = {
					79B1F6CF2EE03FC10073C3C1 = {
						CreatedOnToolsVersion = 26.1.1;
					};
					79B1F6E52EE0424D0073C3C1 = {
						CreatedOnToolsVersion = 26.1.1;
					};
				};
			};
			buildConfigurationList = 79B1F6CB2EE03FC10073C3C1 /* Build configuration list for PBXProject "BalanceApp" */;
			developmentRegion = en;
			hasScannedForEncodings = 0;
			knownRegions = (
				en,
				Base,
			);
			mainGroup = 79B1F6C72EE03FC10073C3C1;
			minimizedProjectReferenceProxies = 1;
			preferredProjectObjectVersion = 77;
			productRefGroup = 79B1F6D12EE03FC10073C3C1 /* Products */;
			projectDirPath = "";
			projectRoot = "";
			targets = (
				79B1F6CF2EE03FC10073C3C1 /* BalanceApp */,
				79B1F6E52EE0424D0073C3C1 /* PriorityTaskExtension */,
			);
		};
/* End PBXProject section */

/* Begin PBXResourcesBuildPhase section */
		79B1F6CE2EE03FC10073C3C1 /* Resources */ = {
			isa = PBXResourcesBuildPhase;
			buildActionMask = 2147483647;
			files = (
				799A5DB02EF074FB007BC21D /* Assets.xcassets in Resources */,
				799A5DB22EF074FB007BC21D /* LockIn.icon in Resources */,
			);
			runOnlyForDeploymentPostprocessing = 0;
		};
		79B1F6E42EE0424D0073C3C1 /* Resources */ = {
			isa = PBXResourcesBuildPhase;
			buildActionMask = 2147483647;
			files = (
				799A5D892EF074E9007BC21D /* Assets.xcassets in Resources */,
			);
			runOnlyForDeploymentPostprocessing = 0;
		};
/* End PBXResourcesBuildPhase section */

/* Begin PBXSourcesBuildPhase section */
		79B1F6CC2EE03FC10073C3C1 /* Sources */ = {
			isa = PBXSourcesBuildPhase;
			buildActionMask = 2147483647;
			files = (
				799A5DB32EF074FB007BC21D /* DailySuggestion.swift in Sources */,
				799A5DB42EF074FB007BC21D /* Mood.swift in Sources */,
				799A5DB52EF074FB007BC21D /* Suggestion.swift in Sources */,
				799A5DB62EF074FB007BC21D /* SuggestionGenerator.swift in Sources */,
				799A5DB72EF074FB007BC21D /* TaskMetadata.swift in Sources */,
				799A5DB82EF074FB007BC21D /* ToDoTask.swift in Sources */,
				799A5DB92EF074FB007BC21D /* Colors.swift in Sources */,
				799A5DBA2EF074FB007BC21D /* Extensions.swift in Sources */,
				799A5DBB2EF074FB007BC21D /* AlarmView.swift in Sources */,
				799A5DBC2EF074FB007BC21D /* AlarmViewModel.swift in Sources */,
				799A5DBD2EF074FB007BC21D /* AppIntents.swift in Sources */,
				799A5DBE2EF074FB007BC21D /* MoodView.swift in Sources */,
				799A5DBF2EF074FB007BC21D /* RegisterMoodView.swift in Sources */,
				799A5DC02EF074FB007BC21D /* AddToDoTaskView.swift in Sources */,
				799A5DC12EF074FB007BC21D /* EditToDoTask.swift in Sources */,
				799A5DC22EF074FB007BC21D /* ToDoTaksView.swift in Sources */,
				799A5DC32EF074FB007BC21D /* BalanceTabView.swift in Sources */,
				799A5DC42EF074FB007BC21D /* BalanceAppApp.swift in Sources */,
				799A5DC52EF074FB007BC21D /* ContentView.swift in Sources */,
				799A5DC62EF074FB007BC21D /* Item.swift in Sources */,
			);
			runOnlyForDeploymentPostprocessing = 0;
		};
		79B1F6E22EE0424D0073C3C1 /* Sources */ = {
			isa = PBXSourcesBuildPhase;
			buildActionMask = 2147483647;
			files = (
				799A5D8B2EF074E9007BC21D /* AlarmLiveActivity.swift in Sources */,
				799A5DCA2EF07913007BC21D /* AppIntents.swift in Sources */,
				799A5DC92EF0790D007BC21D /* Extensions.swift in Sources */,
				799A5DC72EF078B9007BC21D /* TaskMetadata.swift in Sources */,
				799A5DC82EF078D3007BC21D /* ToDoTask.swift in Sources */,
				799A5DCB2EF0791B007BC21D /* AlarmViewModel.swift in Sources */,
				799A5D8C2EF074E9007BC21D /* AppIntent.swift in Sources */,
				799A5D8D2EF074E9007BC21D /* ImportantTask.swift in Sources */,
				799A5D8E2EF074E9007BC21D /* PriorityTask.swift in Sources */,
				799A5D8F2EF074E9007BC21D /* PriorityTaskBundle.swift in Sources */,
				799A5DCC2EF0791F007BC21D /* AlarmView.swift in Sources */,
				799A5D902EF074E9007BC21D /* PriorityTaskLiveActivity.swift in Sources */,
			);
			runOnlyForDeploymentPostprocessing = 0;
		};
/* End PBXSourcesBuildPhase section */

/* Begin PBXTargetDependency section */
		79B1F6F92EE0424E0073C3C1 /* PBXTargetDependency */ = {
			isa = PBXTargetDependency;
			target = 79B1F6E52EE0424D0073C3C1 /* PriorityTaskExtension */;
			targetProxy = 79B1F6F82EE0424E0073C3C1 /* PBXContainerItemProxy */;
		};
/* End PBXTargetDependency section */

/* Begin XCBuildConfiguration section */
		79B1F6DB2EE03FC30073C3C1 /* Debug */ = {
			isa = XCBuildConfiguration;
			buildSettings = {
				ALWAYS_SEARCH_USER_PATHS = NO;
				ASSETCATALOG_COMPILER_GENERATE_SWIFT_ASSET_SYMBOL_EXTENSIONS = YES;
				CLANG_ANALYZER_NONNULL = YES;
				CLANG_ANALYZER_NUMBER_OBJECT_CONVERSION = YES_AGGRESSIVE;
				CLANG_CXX_LANGUAGE_STANDARD = "gnu++20";
				CLANG_ENABLE_MODULES = YES;
				CLANG_ENABLE_OBJC_ARC = YES;
				CLANG_ENABLE_OBJC_WEAK = YES;
				CLANG_WARN_BLOCK_CAPTURE_AUTORELEASING = YES;
				CLANG_WARN_BOOL_CONVERSION = YES;
				CLANG_WARN_COMMA = YES;
				CLANG_WARN_CONSTANT_CONVERSION = YES;
				CLANG_WARN_DEPRECATED_OBJC_IMPLEMENTATIONS = YES;
				CLANG_WARN_DIRECT_OBJC_ISA_USAGE = YES_ERROR;
				CLANG_WARN_DOCUMENTATION_COMMENTS = YES;
				CLANG_WARN_EMPTY_BODY = YES;
				CLANG_WARN_ENUM_CONVERSION = YES;
				CLANG_WARN_INFINITE_RECURSION = YES;
				CLANG_WARN_INT_CONVERSION = YES;
				CLANG_WARN_NON_LITERAL_NULL_CONVERSION = YES;
				CLANG_WARN_OBJC_IMPLICIT_RETAIN_SELF = YES;
				CLANG_WARN_OBJC_LITERAL_CONVERSION = YES;
				CLANG_WARN_OBJC_ROOT_CLASS = YES_ERROR;
				CLANG_WARN_QUOTED_INCLUDE_IN_FRAMEWORK_HEADER = YES;
				CLANG_WARN_RANGE_LOOP_ANALYSIS = YES;
				CLANG_WARN_STRICT_PROTOTYPES = YES;
				CLANG_WARN_SUSPICIOUS_MOVE = YES;
				CLANG_WARN_UNGUARDED_AVAILABILITY = YES_AGGRESSIVE;
				CLANG_WARN_UNREACHABLE_CODE = YES;
				CLANG_WARN__DUPLICATE_METHOD_MATCH = YES;
				COPY_PHASE_STRIP = NO;
				DEBUG_INFORMATION_FORMAT = dwarf;
				DEVELOPMENT_TEAM = X6QP58933C;
				ENABLE_STRICT_OBJC_MSGSEND = YES;
				ENABLE_TESTABILITY = YES;
				ENABLE_USER_SCRIPT_SANDBOXING = YES;
				GCC_C_LANGUAGE_STANDARD = gnu17;
				GCC_DYNAMIC_NO_PIC = NO;
				GCC_NO_COMMON_BLOCKS = YES;
				GCC_OPTIMIZATION_LEVEL = 0;
				GCC_PREPROCESSOR_DEFINITIONS = (
					"DEBUG=1",
					"$(inherited)",
				);
				GCC_WARN_64_TO_32_BIT_CONVERSION = YES;
				GCC_WARN_ABOUT_RETURN_TYPE = YES_ERROR;
				GCC_WARN_UNDECLARED_SELECTOR = YES;
				GCC_WARN_UNINITIALIZED_AUTOS = YES_AGGRESSIVE;
				GCC_WARN_UNUSED_FUNCTION = YES;
				GCC_WARN_UNUSED_VARIABLE = YES;
				IPHONEOS_DEPLOYMENT_TARGET = 26.1;
				LOCALIZATION_PREFERS_STRING_CATALOGS = YES;
				MTL_ENABLE_DEBUG_INFO = INCLUDE_SOURCE;
				MTL_FAST_MATH = YES;
				ONLY_ACTIVE_ARCH = YES;
				SDKROOT = iphoneos;
				STRING_CATALOG_GENERATE_SYMBOLS = YES;
				SWIFT_ACTIVE_COMPILATION_CONDITIONS = "DEBUG $(inherited)";
				SWIFT_OPTIMIZATION_LEVEL = "-Onone";
			};
			name = Debug;
		};
		79B1F6DC2EE03FC30073C3C1 /* Release */ = {
			isa = XCBuildConfiguration;
			buildSettings = {
				ALWAYS_SEARCH_USER_PATHS = NO;
				ASSETCATALOG_COMPILER_GENERATE_SWIFT_ASSET_SYMBOL_EXTENSIONS = YES;
				CLANG_ANALYZER_NONNULL = YES;
				CLANG_ANALYZER_NUMBER_OBJECT_CONVERSION = YES_AGGRESSIVE;
				CLANG_CXX_LANGUAGE_STANDARD = "gnu++20";
				CLANG_ENABLE_MODULES = YES;
				CLANG_ENABLE_OBJC_ARC = YES;
				CLANG_ENABLE_OBJC_WEAK = YES;
				CLANG_WARN_BLOCK_CAPTURE_AUTORELEASING = YES;
				CLANG_WARN_BOOL_CONVERSION = YES;
				CLANG_WARN_COMMA = YES;
				CLANG_WARN_CONSTANT_CONVERSION = YES;
				CLANG_WARN_DEPRECATED_OBJC_IMPLEMENTATIONS = YES;
				CLANG_WARN_DIRECT_OBJC_ISA_USAGE = YES_ERROR;
				CLANG_WARN_DOCUMENTATION_COMMENTS = YES;
				CLANG_WARN_EMPTY_BODY = YES;
				CLANG_WARN_ENUM_CONVERSION = YES;
				CLANG_WARN_INFINITE_RECURSION = YES;
				CLANG_WARN_INT_CONVERSION = YES;
				CLANG_WARN_NON_LITERAL_NULL_CONVERSION = YES;
				CLANG_WARN_OBJC_IMPLICIT_RETAIN_SELF = YES;
				CLANG_WARN_OBJC_LITERAL_CONVERSION = YES;
				CLANG_WARN_OBJC_ROOT_CLASS = YES_ERROR;
				CLANG_WARN_QUOTED_INCLUDE_IN_FRAMEWORK_HEADER = YES;
				CLANG_WARN_RANGE_LOOP_ANALYSIS = YES;
				CLANG_WARN_STRICT_PROTOTYPES = YES;
				CLANG_WARN_SUSPICIOUS_MOVE = YES;
				CLANG_WARN_UNGUARDED_AVAILABILITY = YES_AGGRESSIVE;
				CLANG_WARN_UNREACHABLE_CODE = YES;
				CLANG_WARN__DUPLICATE_METHOD_MATCH = YES;
				COPY_PHASE_STRIP = NO;
				DEBUG_INFORMATION_FORMAT = "dwarf-with-dsym";
				DEVELOPMENT_TEAM = X6QP58933C;
				ENABLE_NS_ASSERTIONS = NO;
				ENABLE_STRICT_OBJC_MSGSEND = YES;
				ENABLE_USER_SCRIPT_SANDBOXING = YES;
				GCC_C_LANGUAGE_STANDARD = gnu17;
				GCC_NO_COMMON_BLOCKS = YES;
				GCC_WARN_64_TO_32_BIT_CONVERSION = YES;
				GCC_WARN_ABOUT_RETURN_TYPE = YES_ERROR;
				GCC_WARN_UNDECLARED_SELECTOR = YES;
				GCC_WARN_UNINITIALIZED_AUTOS = YES_AGGRESSIVE;
				GCC_WARN_UNUSED_FUNCTION = YES;
				GCC_WARN_UNUSED_VARIABLE = YES;
				IPHONEOS_DEPLOYMENT_TARGET = 26.1;
				LOCALIZATION_PREFERS_STRING_CATALOGS = YES;
				MTL_ENABLE_DEBUG_INFO = NO;
				MTL_FAST_MATH = YES;
				SDKROOT = iphoneos;
				STRING_CATALOG_GENERATE_SYMBOLS = YES;
				SWIFT_COMPILATION_MODE = wholemodule;
				VALIDATE_PRODUCT = YES;
			};
			name = Release;
		};
		79B1F6DE2EE03FC30073C3C1 /* Debug */ = {
			isa = XCBuildConfiguration;
			buildSettings = {
				ASSETCATALOG_COMPILER_APPICON_NAME = LockIn;
				ASSETCATALOG_COMPILER_GLOBAL_ACCENT_COLOR_NAME = AccentColor;
				CODE_SIGN_STYLE = Automatic;
				CURRENT_PROJECT_VERSION = 1;
				DEVELOPMENT_TEAM = X6QP58933C;
				ENABLE_PREVIEWS = YES;
				GENERATE_INFOPLIST_FILE = YES;
				INFOPLIST_FILE = BalanceApp/Info.plist;
				INFOPLIST_KEY_CFBundleDisplayName = "Lock In";
				INFOPLIST_KEY_LSApplicationCategoryType = "public.app-category.lifestyle";
				INFOPLIST_KEY_UIApplicationSceneManifest_Generation = YES;
				INFOPLIST_KEY_UIApplicationSupportsIndirectInputEvents = YES;
				INFOPLIST_KEY_UILaunchScreen_Generation = YES;
				INFOPLIST_KEY_UISupportedInterfaceOrientations = UIInterfaceOrientationPortrait;
				INFOPLIST_KEY_UISupportedInterfaceOrientations_iPad = "UIInterfaceOrientationLandscapeLeft UIInterfaceOrientationLandscapeRight UIInterfaceOrientationPortrait UIInterfaceOrientationPortraitUpsideDown";
				LD_RUNPATH_SEARCH_PATHS = (
					"$(inherited)",
					"@executable_path/Frameworks",
				);
				MARKETING_VERSION = 1.0;
				PRODUCT_BUNDLE_IDENTIFIER = LeoAvMo.BalanceApp;
				PRODUCT_NAME = "$(TARGET_NAME)";
				STRING_CATALOG_GENERATE_SYMBOLS = YES;
				SWIFT_APPROACHABLE_CONCURRENCY = YES;
				SWIFT_DEFAULT_ACTOR_ISOLATION = MainActor;
				SWIFT_EMIT_LOC_STRINGS = YES;
				SWIFT_UPCOMING_FEATURE_MEMBER_IMPORT_VISIBILITY = YES;
				SWIFT_VERSION = 5.0;
				TARGETED_DEVICE_FAMILY = "1,2";
			};
			name = Debug;
		};
		79B1F6DF2EE03FC30073C3C1 /* Release */ = {
			isa = XCBuildConfiguration;
			buildSettings = {
				ASSETCATALOG_COMPILER_APPICON_NAME = LockIn;
				ASSETCATALOG_COMPILER_GLOBAL_ACCENT_COLOR_NAME = AccentColor;
				CODE_SIGN_STYLE = Automatic;
				CURRENT_PROJECT_VERSION = 1;
				DEVELOPMENT_TEAM = X6QP58933C;
				ENABLE_PREVIEWS = YES;
				GENERATE_INFOPLIST_FILE = YES;
				INFOPLIST_FILE = BalanceApp/Info.plist;
				INFOPLIST_KEY_CFBundleDisplayName = "Lock In";
				INFOPLIST_KEY_LSApplicationCategoryType = "public.app-category.lifestyle";
				INFOPLIST_KEY_UIApplicationSceneManifest_Generation = YES;
				INFOPLIST_KEY_UIApplicationSupportsIndirectInputEvents = YES;
				INFOPLIST_KEY_UILaunchScreen_Generation = YES;
				INFOPLIST_KEY_UISupportedInterfaceOrientations = UIInterfaceOrientationPortrait;
				INFOPLIST_KEY_UISupportedInterfaceOrientations_iPad = "UIInterfaceOrientationLandscapeLeft UIInterfaceOrientationLandscapeRight UIInterfaceOrientationPortrait UIInterfaceOrientationPortraitUpsideDown";
				LD_RUNPATH_SEARCH_PATHS = (
					"$(inherited)",
					"@executable_path/Frameworks",
				);
				MARKETING_VERSION = 1.0;
				PRODUCT_BUNDLE_IDENTIFIER = LeoAvMo.BalanceApp;
				PRODUCT_NAME = "$(TARGET_NAME)";
				STRING_CATALOG_GENERATE_SYMBOLS = YES;
				SWIFT_APPROACHABLE_CONCURRENCY = YES;
				SWIFT_DEFAULT_ACTOR_ISOLATION = MainActor;
				SWIFT_EMIT_LOC_STRINGS = YES;
				SWIFT_UPCOMING_FEATURE_MEMBER_IMPORT_VISIBILITY = YES;
				SWIFT_VERSION = 5.0;
				TARGETED_DEVICE_FAMILY = "1,2";
			};
			name = Release;
		};
		79B1F6FD2EE0424E0073C3C1 /* Debug */ = {
			isa = XCBuildConfiguration;
			buildSettings = {
				ASSETCATALOG_COMPILER_GLOBAL_ACCENT_COLOR_NAME = AccentColor;
				ASSETCATALOG_COMPILER_WIDGET_BACKGROUND_COLOR_NAME = WidgetBackground;
				CODE_SIGN_STYLE = Automatic;
				CURRENT_PROJECT_VERSION = 1;
				DEVELOPMENT_TEAM = X6QP58933C;
				GENERATE_INFOPLIST_FILE = YES;
				INFOPLIST_FILE = PriorityTask/Info.plist;
				INFOPLIST_KEY_CFBundleDisplayName = PriorityTask;
				INFOPLIST_KEY_NSHumanReadableCopyright = "";
				LD_RUNPATH_SEARCH_PATHS = (
					"$(inherited)",
					"@executable_path/Frameworks",
					"@executable_path/../../Frameworks",
				);
				MARKETING_VERSION = 1.0;
				PRODUCT_BUNDLE_IDENTIFIER = LeoAvMo.BalanceApp.PriorityTask;
				PRODUCT_NAME = "$(TARGET_NAME)";
				SKIP_INSTALL = YES;
				STRING_CATALOG_GENERATE_SYMBOLS = YES;
				SWIFT_APPROACHABLE_CONCURRENCY = YES;
				SWIFT_EMIT_LOC_STRINGS = YES;
				SWIFT_UPCOMING_FEATURE_MEMBER_IMPORT_VISIBILITY = YES;
				SWIFT_VERSION = 5.0;
				TARGETED_DEVICE_FAMILY = "1,2";
			};
			name = Debug;
		};
		79B1F6FE2EE0424E0073C3C1 /* Release */ = {
			isa = XCBuildConfiguration;
			buildSettings = {
				ASSETCATALOG_COMPILER_GLOBAL_ACCENT_COLOR_NAME = AccentColor;
				ASSETCATALOG_COMPILER_WIDGET_BACKGROUND_COLOR_NAME = WidgetBackground;
				CODE_SIGN_STYLE = Automatic;
				CURRENT_PROJECT_VERSION = 1;
				DEVELOPMENT_TEAM = X6QP58933C;
				GENERATE_INFOPLIST_FILE = YES;
				INFOPLIST_FILE = PriorityTask/Info.plist;
				INFOPLIST_KEY_CFBundleDisplayName = PriorityTask;
				INFOPLIST_KEY_NSHumanReadableCopyright = "";
				LD_RUNPATH_SEARCH_PATHS = (
					"$(inherited)",
					"@executable_path/Frameworks",
					"@executable_path/../../Frameworks",
				);
				MARKETING_VERSION = 1.0;
				PRODUCT_BUNDLE_IDENTIFIER = LeoAvMo.BalanceApp.PriorityTask;
				PRODUCT_NAME = "$(TARGET_NAME)";
				SKIP_INSTALL = YES;
				STRING_CATALOG_GENERATE_SYMBOLS = YES;
				SWIFT_APPROACHABLE_CONCURRENCY = YES;
				SWIFT_EMIT_LOC_STRINGS = YES;
				SWIFT_UPCOMING_FEATURE_MEMBER_IMPORT_VISIBILITY = YES;
				SWIFT_VERSION = 5.0;
				TARGETED_DEVICE_FAMILY = "1,2";
			};
			name = Release;
		};
/* End XCBuildConfiguration section */

/* Begin XCConfigurationList section */
		79B1F6CB2EE03FC10073C3C1 /* Build configuration list for PBXProject "BalanceApp" */ = {
			isa = XCConfigurationList;
			buildConfigurations = (
				79B1F6DB2EE03FC30073C3C1 /* Debug */,
				79B1F6DC2EE03FC30073C3C1 /* Release */,
			);
			defaultConfigurationIsVisible = 0;
			defaultConfigurationName = Release;
		};
		79B1F6DD2EE03FC30073C3C1 /* Build configuration list for PBXNativeTarget "BalanceApp" */ = {
			isa = XCConfigurationList;
			buildConfigurations = (
				79B1F6DE2EE03FC30073C3C1 /* Debug */,
				79B1F6DF2EE03FC30073C3C1 /* Release */,
			);
			defaultConfigurationIsVisible = 0;
			defaultConfigurationName = Release;
		};
		79B1F6FC2EE0424E0073C3C1 /* Build configuration list for PBXNativeTarget "PriorityTaskExtension" */ = {
			isa = XCConfigurationList;
			buildConfigurations = (
				79B1F6FD2EE0424E0073C3C1 /* Debug */,
				79B1F6FE2EE0424E0073C3C1 /* Release */,
			);
			defaultConfigurationIsVisible = 0;
			defaultConfigurationName = Release;
		};
/* End XCConfigurationList section */
	};
	rootObject = 79B1F6C82EE03FC10073C3C1 /* Project object */;
}
